# This file was autogenerated by Stack.
# You should not edit this file by hand.
# For more information, please see the documentation at:
#   https://docs.haskellstack.org/en/stable/lock_files

packages:
- completed:
    hackage: effect-monad-0.8.1.0@sha256:beb621e0816256538892ae3e3670242491b89dcf0b4784a1ee44a2a4f6cd5188,2804
    pantry-tree:
      size: 3054
      sha256: 0470c46b3bac86ef670c0b942ed3b87986df6ea23a49b475ae93baaa76916982
  original:
    hackage: effect-monad-0.8.1.0
- completed:
    hackage: type-level-sets-0.8.9.0@sha256:e29f4045b68e46e0f88153c63f48fb026917eeacafd9b81fc059417a85e68031,3123
    pantry-tree:
      size: 382
      sha256: e7b4e38017e1231b70c511f95a057692a43366408137639da510b25155662a09
  original:
    hackage: type-level-sets-0.8.9.0
snapshots: []
